
Microsoft Visual Studio Solution File, Format Version 12.00
# Visual Studio Version 16
VisualStudioVersion = 16.0.29306.81
MinimumVisualStudioVersion = 10.0.40219.1
Project("{FAE04EC0-301F-11D3-BF4B-00C04F79EFBC}") = "TravelExperts", "TravelExperts\TravelExperts.csproj", "{AF4EAFD1-E7E5-42C5-9A2D-8FBB4363C78C}"
EndProject
Global
	GlobalSection(SolutionConfigurationPlatforms) = preSolution
		Debug|Any CPU = Debug|Any CPU
		Release|Any CPU = Release|Any CPU
	EndGlobalSection
	GlobalSection(ProjectConfigurationPlatforms) = postSolution
		{AF4EAFD1-E7E5-42C5-9A2D-8FBB4363C78C}.Debug|Any CPU.ActiveCfg = Debug|Any CPU
		{AF4EAFD1-E7E5-42C5-9A2D-8FBB4363C78C}.Debug|Any CPU.Build.0 = Debug|Any CPU
		{AF4EAFD1-E7E5-42C5-9A2D-8FBB4363C78C}.Release|Any CPU.ActiveCfg = Release|Any CPU
		{AF4EAFD1-E7E5-42C5-9A2D-8FBB4363C78C}.Release|Any CPU.Build.0 = Release|Any CPU
	EndGlobalSection
	GlobalSection(SolutionProperties) = preSolution
		HideSolutionNode = FALSE
	EndGlobalSection
	GlobalSection(ExtensibilityGlobals) = postSolution
		SolutionGuid = {2F940085-F1D4-45B2-B8EF-121E57CCB740}
	EndGlobalSection
EndGlobal
